// !$*UTF8*$!
{
	archiveVersion = 1;
	classes = {
	};
	objectVersion = 46;
	objects = {

/* Begin PBXBuildFile section */
		5806D754192E2B7600B384F8 /* LmCurrentImage.m in Sources */ = {isa = PBXBuildFile; fileRef = 5806D753192E2B7600B384F8 /* LmCurrentImage.m */; };
		5806D760192E38D700B384F8 /* CoreMedia.framework in Frameworks */ = {isa = PBXBuildFile; fileRef = 5806D75F192E38D700B384F8 /* CoreMedia.framework */; };
		5806D762192E38DE00B384F8 /* CoreVideo.framework in Frameworks */ = {isa = PBXBuildFile; fileRef = 5806D761192E38DE00B384F8 /* CoreVideo.framework */; };
		5806D764192E38E500B384F8 /* OpenGLES.framework in Frameworks */ = {isa = PBXBuildFile; fileRef = 5806D763192E38E500B384F8 /* OpenGLES.framework */; };
		5806D766192E38ED00B384F8 /* AVFoundation.framework in Frameworks */ = {isa = PBXBuildFile; fileRef = 5806D765192E38ED00B384F8 /* AVFoundation.framework */; };
		5806D768192E38F600B384F8 /* QuartzCore.framework in Frameworks */ = {isa = PBXBuildFile; fileRef = 5806D767192E38F600B384F8 /* QuartzCore.framework */; };
		5806D76A192E390000B384F8 /* AssetsLibrary.framework in Frameworks */ = {isa = PBXBuildFile; fileRef = 5806D769192E390000B384F8 /* AssetsLibrary.framework */; };
		5806D76B192E390600B384F8 /* libGPUImage.a in Frameworks */ = {isa = PBXBuildFile; fileRef = 5806D75C192E384B00B384F8 /* libGPUImage.a */; };
		580E032A1930BAC6001C26B3 /* LmCmViewBarButton.m in Sources */ = {isa = PBXBuildFile; fileRef = 580E03291930BAC6001C26B3 /* LmCmViewBarButton.m */; };
		580E03301930C270001C26B3 /* LmCmViewManagerTools.m in Sources */ = {isa = PBXBuildFile; fileRef = 580E032F1930C270001C26B3 /* LmCmViewManagerTools.m */; };
		5810F9491931D8AD00E30401 /* LmCmViewCropBlackRect.m in Sources */ = {isa = PBXBuildFile; fileRef = 5810F9481931D8AD00E30401 /* LmCmViewCropBlackRect.m */; };
		5810F94F1931EAFD00E30401 /* MediaPlayer.framework in Frameworks */ = {isa = PBXBuildFile; fileRef = 5810F94E1931EAFC00E30401 /* MediaPlayer.framework */; };
		5810F9511931EB0500E30401 /* AudioToolbox.framework in Frameworks */ = {isa = PBXBuildFile; fileRef = 5810F9501931EB0500E30401 /* AudioToolbox.framework */; };
		581708C5193233CF00E430AD /* LmCmViewFlashModeList.m in Sources */ = {isa = PBXBuildFile; fileRef = 581708C4193233CF00E430AD /* LmCmViewFlashModeList.m */; };
		581708C8193240F500E430AD /* LmCmButtonFlashModeItem.m in Sources */ = {isa = PBXBuildFile; fileRef = 581708C7193240F500E430AD /* LmCmButtonFlashModeItem.m */; };
		581708D019324FD300E430AD /* Localizable.strings in Resources */ = {isa = PBXBuildFile; fileRef = 581708D219324FD300E430AD /* Localizable.strings */; };
		581708D71932605C00E430AD /* LmCmImageAsset.m in Sources */ = {isa = PBXBuildFile; fileRef = 581708D61932605C00E430AD /* LmCmImageAsset.m */; };
		5818F46C1931C14200694AF0 /* LmCmViewCropList.m in Sources */ = {isa = PBXBuildFile; fileRef = 5818F46B1931C14200694AF0 /* LmCmViewCropList.m */; };
		5818F4721931C39C00694AF0 /* LmCmButtonCropListItem.m in Sources */ = {isa = PBXBuildFile; fileRef = 5818F4711931C39C00694AF0 /* LmCmButtonCropListItem.m */; };
		583BA0B9192DF0E800852B0D /* MotionOrientation.m in Sources */ = {isa = PBXBuildFile; fileRef = 583BA0B8192DF0E800852B0D /* MotionOrientation.m */; };
		583BA0BC192DF1D700852B0D /* CoreMotion.framework in Frameworks */ = {isa = PBXBuildFile; fileRef = 583BA0BB192DF1D700852B0D /* CoreMotion.framework */; };
		583BA0BF192DF47400852B0D /* LmCmViewPreviewOverlay.m in Sources */ = {isa = PBXBuildFile; fileRef = 583BA0BE192DF47400852B0D /* LmCmViewPreviewOverlay.m */; };
		583BA0C3192E050100852B0D /* LmObjectPixelData.m in Sources */ = {isa = PBXBuildFile; fileRef = 583BA0C2192E050100852B0D /* LmObjectPixelData.m */; };
		588CC33D192DDA460030AA82 /* LmCmSharedCamera.m in Sources */ = {isa = PBXBuildFile; fileRef = 588CC33C192DDA460030AA82 /* LmCmSharedCamera.m */; };
		588CC342192DDF430030AA82 /* LmCurrentSettings.m in Sources */ = {isa = PBXBuildFile; fileRef = 588CC341192DDF430030AA82 /* LmCurrentSettings.m */; };
		588CC347192DE04F0030AA82 /* LmCmButtonShutter.m in Sources */ = {isa = PBXBuildFile; fileRef = 588CC346192DE04F0030AA82 /* LmCmButtonShutter.m */; };
		588CC34A192DE4EE0030AA82 /* LmCmViewBottomBar.m in Sources */ = {isa = PBXBuildFile; fileRef = 588CC349192DE4EE0030AA82 /* LmCmViewBottomBar.m */; };
		588CC34D192DE4FE0030AA82 /* LmCmViewTopBar.m in Sources */ = {isa = PBXBuildFile; fileRef = 588CC34C192DE4FE0030AA82 /* LmCmViewTopBar.m */; };
		5890ACE2192CD9CD00B6BD97 /* Foundation.framework in Frameworks */ = {isa = PBXBuildFile; fileRef = 5890ACE1192CD9CD00B6BD97 /* Foundation.framework */; };
		5890ACE4192CD9CD00B6BD97 /* CoreGraphics.framework in Frameworks */ = {isa = PBXBuildFile; fileRef = 5890ACE3192CD9CD00B6BD97 /* CoreGraphics.framework */; };
		5890ACE6192CD9CD00B6BD97 /* UIKit.framework in Frameworks */ = {isa = PBXBuildFile; fileRef = 5890ACE5192CD9CD00B6BD97 /* UIKit.framework */; };
		5890ACEC192CD9CE00B6BD97 /* InfoPlist.strings in Resources */ = {isa = PBXBuildFile; fileRef = 5890ACEA192CD9CE00B6BD97 /* InfoPlist.strings */; };
		5890ACEE192CD9CE00B6BD97 /* main.m in Sources */ = {isa = PBXBuildFile; fileRef = 5890ACED192CD9CE00B6BD97 /* main.m */; };
		5890ACF2192CD9CE00B6BD97 /* AppDelegate.m in Sources */ = {isa = PBXBuildFile; fileRef = 5890ACF1192CD9CE00B6BD97 /* AppDelegate.m */; };
		5890ACF5192CD9CE00B6BD97 /* Main_iPhone.storyboard in Resources */ = {isa = PBXBuildFile; fileRef = 5890ACF3192CD9CE00B6BD97 /* Main_iPhone.storyboard */; };
		5890ACFB192CD9CE00B6BD97 /* LmCmViewController.m in Sources */ = {isa = PBXBuildFile; fileRef = 5890ACFA192CD9CE00B6BD97 /* LmCmViewController.m */; };
		5890ACFD192CD9CE00B6BD97 /* Images.xcassets in Resources */ = {isa = PBXBuildFile; fileRef = 5890ACFC192CD9CE00B6BD97 /* Images.xcassets */; };
		5890AD04192CD9CE00B6BD97 /* XCTest.framework in Frameworks */ = {isa = PBXBuildFile; fileRef = 5890AD03192CD9CE00B6BD97 /* XCTest.framework */; };
		5890AD05192CD9CE00B6BD97 /* Foundation.framework in Frameworks */ = {isa = PBXBuildFile; fileRef = 5890ACE1192CD9CD00B6BD97 /* Foundation.framework */; };
		5890AD06192CD9CE00B6BD97 /* UIKit.framework in Frameworks */ = {isa = PBXBuildFile; fileRef = 5890ACE5192CD9CD00B6BD97 /* UIKit.framework */; };
		5890AD0E192CD9CE00B6BD97 /* InfoPlist.strings in Resources */ = {isa = PBXBuildFile; fileRef = 5890AD0C192CD9CE00B6BD97 /* InfoPlist.strings */; };
		5890AD10192CD9CE00B6BD97 /* LuminaTests.m in Sources */ = {isa = PBXBuildFile; fileRef = 5890AD0F192CD9CE00B6BD97 /* LuminaTests.m */; };
		5890AD1C192CDA4100B6BD97 /* LmViewControllerRoot.m in Sources */ = {isa = PBXBuildFile; fileRef = 5890AD1B192CDA4100B6BD97 /* LmViewControllerRoot.m */; };
		5890AD1F192CDA9000B6BD97 /* LmViewControllerExport.m in Sources */ = {isa = PBXBuildFile; fileRef = 5890AD1E192CDA9000B6BD97 /* LmViewControllerExport.m */; };
		5890AD23192CDC3E00B6BD97 /* LmCmCameraManager.m in Sources */ = {isa = PBXBuildFile; fileRef = 5890AD22192CDC3E00B6BD97 /* LmCmCameraManager.m */; };
		5890AD34192CDD0F00B6BD97 /* UIDevice+extend.m in Sources */ = {isa = PBXBuildFile; fileRef = 5890AD27192CDD0F00B6BD97 /* UIDevice+extend.m */; };
		5890AD35192CDD0F00B6BD97 /* UIScreen+extend.m in Sources */ = {isa = PBXBuildFile; fileRef = 5890AD29192CDD0F00B6BD97 /* UIScreen+extend.m */; };
		5890AD36192CDD0F00B6BD97 /* UIView+extend.m in Sources */ = {isa = PBXBuildFile; fileRef = 5890AD2B192CDD0F00B6BD97 /* UIView+extend.m */; };
		5890AD37192CDD0F00B6BD97 /* UIScrollView+extend.m in Sources */ = {isa = PBXBuildFile; fileRef = 5890AD2D192CDD0F00B6BD97 /* UIScrollView+extend.m */; };
		5890AD38192CDD0F00B6BD97 /* UIImage+extend.m in Sources */ = {isa = PBXBuildFile; fileRef = 5890AD2F192CDD0F00B6BD97 /* UIImage+extend.m */; };
		5890AD39192CDD0F00B6BD97 /* UIViewController+extend.m in Sources */ = {isa = PBXBuildFile; fileRef = 5890AD31192CDD0F00B6BD97 /* UIViewController+extend.m */; };
		5890AD3A192CDD0F00B6BD97 /* UIImagePickerController+extend.m in Sources */ = {isa = PBXBuildFile; fileRef = 5890AD33192CDD0F00B6BD97 /* UIImagePickerController+extend.m */; };
		58F455FA19303CBF008E55AB /* LmCmViewSlider.m in Sources */ = {isa = PBXBuildFile; fileRef = 58F455F519303CBF008E55AB /* LmCmViewSlider.m */; };
		58F455FC19303CBF008E55AB /* LmCmViewZoomSlider.m in Sources */ = {isa = PBXBuildFile; fileRef = 58F455F919303CBF008E55AB /* LmCmViewZoomSlider.m */; };
		58F455FE19303D9B008E55AB /* UISliderThumbView.m in Sources */ = {isa = PBXBuildFile; fileRef = 58F455F719303CBF008E55AB /* UISliderThumbView.m */; };
		58F638181930E6EF004F506F /* LmCmViewSettingsList.m in Sources */ = {isa = PBXBuildFile; fileRef = 58F638171930E6EF004F506F /* LmCmViewSettingsList.m */; };
		58F6381F1930E8C6004F506F /* LmCmButtonSettingsItem.m in Sources */ = {isa = PBXBuildFile; fileRef = 58F6381E1930E8C6004F506F /* LmCmButtonSettingsItem.m */; };
		58F638231930E9F5004F506F /* VnViewLabel.m in Sources */ = {isa = PBXBuildFile; fileRef = 58F638221930E9F5004F506F /* VnViewLabel.m */; };
		58F6FE47192F71D700EF7BFC /* LmCmViewManagerPreview.m in Sources */ = {isa = PBXBuildFile; fileRef = 58F6FE46192F71D700EF7BFC /* LmCmViewManagerPreview.m */; };
		58F6FE4D192F76E300EF7BFC /* LmLivePreview.m in Sources */ = {isa = PBXBuildFile; fileRef = 58F6FE4C192F76E300EF7BFC /* LmLivePreview.m */; };
		58F6FE50192F801000EF7BFC /* LmGLView.m in Sources */ = {isa = PBXBuildFile; fileRef = 58F6FE4F192F801000EF7BFC /* LmGLView.m */; };
		58F6FE54192F81CF00EF7BFC /* BrightnessShader.fsh in Resources */ = {isa = PBXBuildFile; fileRef = 58F6FE52192F81CF00EF7BFC /* BrightnessShader.fsh */; };
		58F6FE55192F81CF00EF7BFC /* BrightnessShader.vsh in Resources */ = {isa = PBXBuildFile; fileRef = 58F6FE53192F81CF00EF7BFC /* BrightnessShader.vsh */; };
		58FA0F1F192F4DAF00260A65 /* LmCmViewManagerZoom.m in Sources */ = {isa = PBXBuildFile; fileRef = 58FA0F1E192F4DAF00260A65 /* LmCmViewManagerZoom.m */; };
		58FCDCD119306486009D54B1 /* Aller_Bd.ttf in Resources */ = {isa = PBXBuildFile; fileRef = 58FCDCCE19306486009D54B1 /* Aller_Bd.ttf */; };
		58FCDCD219306486009D54B1 /* ClearSans-Bold.ttf in Resources */ = {isa = PBXBuildFile; fileRef = 58FCDCCF19306486009D54B1 /* ClearSans-Bold.ttf */; };
		58FCDCD319306486009D54B1 /* mplus-1c-bold.ttf in Resources */ = {isa = PBXBuildFile; fileRef = 58FCDCD019306486009D54B1 /* mplus-1c-bold.ttf */; };
/* End PBXBuildFile section */

/* Begin PBXContainerItemProxy section */
		5806D75B192E384B00B384F8 /* PBXContainerItemProxy */ = {
			isa = PBXContainerItemProxy;
			containerPortal = 5806D755192E384B00B384F8 /* GPUImage.xcodeproj */;
			proxyType = 2;
			remoteGlobalIDString = BCF1A33414DDB1EC00852800;
			remoteInfo = GPUImage;
		};
		5806D75D192E384B00B384F8 /* PBXContainerItemProxy */ = {
			isa = PBXContainerItemProxy;
			containerPortal = 5806D755192E384B00B384F8 /* GPUImage.xcodeproj */;
			proxyType = 2;
			remoteGlobalIDString = BCF1A34414DDB1EC00852800;
			remoteInfo = GPUImageTests;
		};
		5890AD07192CD9CE00B6BD97 /* PBXContainerItemProxy */ = {
			isa = PBXContainerItemProxy;
			containerPortal = 5890ACD6192CD9CD00B6BD97 /* Project object */;
			proxyType = 1;
			remoteGlobalIDString = 5890ACDD192CD9CD00B6BD97;
			remoteInfo = Lumina;
		};
/* End PBXContainerItemProxy section */

/* Begin PBXFileReference section */
		5806D752192E2B7600B384F8 /* LmCurrentImage.h */ = {isa = PBXFileReference; fileEncoding = 4; lastKnownFileType = sourcecode.c.h; path = LmCurrentImage.h; sourceTree = "<group>"; };
		5806D753192E2B7600B384F8 /* LmCurrentImage.m */ = {isa = PBXFileReference; fileEncoding = 4; lastKnownFileType = sourcecode.c.objc; path = LmCurrentImage.m; sourceTree = "<group>"; };
		5806D755192E384B00B384F8 /* GPUImage.xcodeproj */ = {isa = PBXFileReference; lastKnownFileType = "wrapper.pb-project"; name = GPUImage.xcodeproj; path = GPUImage/framework/GPUImage.xcodeproj; sourceTree = "<group>"; };
		5806D75F192E38D700B384F8 /* CoreMedia.framework */ = {isa = PBXFileReference; lastKnownFileType = wrapper.framework; name = CoreMedia.framework; path = System/Library/Frameworks/CoreMedia.framework; sourceTree = SDKROOT; };
		5806D761192E38DE00B384F8 /* CoreVideo.framework */ = {isa = PBXFileReference; lastKnownFileType = wrapper.framework; name = CoreVideo.framework; path = System/Library/Frameworks/CoreVideo.framework; sourceTree = SDKROOT; };
		5806D763192E38E500B384F8 /* OpenGLES.framework */ = {isa = PBXFileReference; lastKnownFileType = wrapper.framework; name = OpenGLES.framework; path = System/Library/Frameworks/OpenGLES.framework; sourceTree = SDKROOT; };
		5806D765192E38ED00B384F8 /* AVFoundation.framework */ = {isa = PBXFileReference; lastKnownFileType = wrapper.framework; name = AVFoundation.framework; path = System/Library/Frameworks/AVFoundation.framework; sourceTree = SDKROOT; };
		5806D767192E38F600B384F8 /* QuartzCore.framework */ = {isa = PBXFileReference; lastKnownFileType = wrapper.framework; name = QuartzCore.framework; path = System/Library/Frameworks/QuartzCore.framework; sourceTree = SDKROOT; };
		5806D769192E390000B384F8 /* AssetsLibrary.framework */ = {isa = PBXFileReference; lastKnownFileType = wrapper.framework; name = AssetsLibrary.framework; path = System/Library/Frameworks/AssetsLibrary.framework; sourceTree = SDKROOT; };
		580E03281930BAC6001C26B3 /* LmCmViewBarButton.h */ = {isa = PBXFileReference; fileEncoding = 4; lastKnownFileType = sourcecode.c.h; path = LmCmViewBarButton.h; sourceTree = "<group>"; };
		580E03291930BAC6001C26B3 /* LmCmViewBarButton.m */ = {isa = PBXFileReference; fileEncoding = 4; lastKnownFileType = sourcecode.c.objc; path = LmCmViewBarButton.m; sourceTree = "<group>"; };
		580E032E1930C270001C26B3 /* LmCmViewManagerTools.h */ = {isa = PBXFileReference; fileEncoding = 4; lastKnownFileType = sourcecode.c.h; path = LmCmViewManagerTools.h; sourceTree = "<group>"; };
		580E032F1930C270001C26B3 /* LmCmViewManagerTools.m */ = {isa = PBXFileReference; fileEncoding = 4; lastKnownFileType = sourcecode.c.objc; path = LmCmViewManagerTools.m; sourceTree = "<group>"; };
		5810F9471931D8AD00E30401 /* LmCmViewCropBlackRect.h */ = {isa = PBXFileReference; fileEncoding = 4; lastKnownFileType = sourcecode.c.h; path = LmCmViewCropBlackRect.h; sourceTree = "<group>"; };
		5810F9481931D8AD00E30401 /* LmCmViewCropBlackRect.m */ = {isa = PBXFileReference; fileEncoding = 4; lastKnownFileType = sourcecode.c.objc; path = LmCmViewCropBlackRect.m; sourceTree = "<group>"; };
		5810F94E1931EAFC00E30401 /* MediaPlayer.framework */ = {isa = PBXFileReference; lastKnownFileType = wrapper.framework; name = MediaPlayer.framework; path = System/Library/Frameworks/MediaPlayer.framework; sourceTree = SDKROOT; };
		5810F9501931EB0500E30401 /* AudioToolbox.framework */ = {isa = PBXFileReference; lastKnownFileType = wrapper.framework; name = AudioToolbox.framework; path = System/Library/Frameworks/AudioToolbox.framework; sourceTree = SDKROOT; };
		581708C3193233CF00E430AD /* LmCmViewFlashModeList.h */ = {isa = PBXFileReference; fileEncoding = 4; lastKnownFileType = sourcecode.c.h; path = LmCmViewFlashModeList.h; sourceTree = "<group>"; };
		581708C4193233CF00E430AD /* LmCmViewFlashModeList.m */ = {isa = PBXFileReference; fileEncoding = 4; lastKnownFileType = sourcecode.c.objc; path = LmCmViewFlashModeList.m; sourceTree = "<group>"; };
		581708C6193240F500E430AD /* LmCmButtonFlashModeItem.h */ = {isa = PBXFileReference; fileEncoding = 4; lastKnownFileType = sourcecode.c.h; path = LmCmButtonFlashModeItem.h; sourceTree = "<group>"; };
		581708C7193240F500E430AD /* LmCmButtonFlashModeItem.m */ = {isa = PBXFileReference; fileEncoding = 4; lastKnownFileType = sourcecode.c.objc; path = LmCmButtonFlashModeItem.m; sourceTree = "<group>"; };
		581708CC19324F3800E430AD /* ja */ = {isa = PBXFileReference; lastKnownFileType = text.plist.strings; name = ja; path = ja.lproj/Main_iPhone.strings; sourceTree = "<group>"; };
		581708CD19324F3800E430AD /* ja */ = {isa = PBXFileReference; lastKnownFileType = text.plist.strings; name = ja; path = ja.lproj/InfoPlist.strings; sourceTree = "<group>"; };
		581708CE19324F3900E430AD /* ja */ = {isa = PBXFileReference; lastKnownFileType = text.plist.strings; name = ja; path = ja.lproj/InfoPlist.strings; sourceTree = "<group>"; };
		581708D119324FD300E430AD /* en */ = {isa = PBXFileReference; lastKnownFileType = text.plist.strings; name = en; path = en.lproj/Localizable.strings; sourceTree = "<group>"; };
		581708D319324FD900E430AD /* ja */ = {isa = PBXFileReference; lastKnownFileType = text.plist.strings; name = ja; path = ja.lproj/Localizable.strings; sourceTree = "<group>"; };
		581708D51932605C00E430AD /* LmCmImageAsset.h */ = {isa = PBXFileReference; fileEncoding = 4; lastKnownFileType = sourcecode.c.h; path = LmCmImageAsset.h; sourceTree = "<group>"; };
		581708D61932605C00E430AD /* LmCmImageAsset.m */ = {isa = PBXFileReference; fileEncoding = 4; lastKnownFileType = sourcecode.c.objc; path = LmCmImageAsset.m; sourceTree = "<group>"; };
		5818F46A1931C14200694AF0 /* LmCmViewCropList.h */ = {isa = PBXFileReference; fileEncoding = 4; lastKnownFileType = sourcecode.c.h; path = LmCmViewCropList.h; sourceTree = "<group>"; };
		5818F46B1931C14200694AF0 /* LmCmViewCropList.m */ = {isa = PBXFileReference; fileEncoding = 4; lastKnownFileType = sourcecode.c.objc; path = LmCmViewCropList.m; sourceTree = "<group>"; };
		5818F4701931C39C00694AF0 /* LmCmButtonCropListItem.h */ = {isa = PBXFileReference; fileEncoding = 4; lastKnownFileType = sourcecode.c.h; path = LmCmButtonCropListItem.h; sourceTree = "<group>"; };
		5818F4711931C39C00694AF0 /* LmCmButtonCropListItem.m */ = {isa = PBXFileReference; fileEncoding = 4; lastKnownFileType = sourcecode.c.objc; path = LmCmButtonCropListItem.m; sourceTree = "<group>"; };
		583BA0B7192DF0E800852B0D /* MotionOrientation.h */ = {isa = PBXFileReference; fileEncoding = 4; lastKnownFileType = sourcecode.c.h; path = MotionOrientation.h; sourceTree = "<group>"; };
		583BA0B8192DF0E800852B0D /* MotionOrientation.m */ = {isa = PBXFileReference; fileEncoding = 4; lastKnownFileType = sourcecode.c.objc; path = MotionOrientation.m; sourceTree = "<group>"; };
		583BA0BB192DF1D700852B0D /* CoreMotion.framework */ = {isa = PBXFileReference; lastKnownFileType = wrapper.framework; name = CoreMotion.framework; path = System/Library/Frameworks/CoreMotion.framework; sourceTree = SDKROOT; };
		583BA0BD192DF47400852B0D /* LmCmViewPreviewOverlay.h */ = {isa = PBXFileReference; fileEncoding = 4; lastKnownFileType = sourcecode.c.h; path = LmCmViewPreviewOverlay.h; sourceTree = "<group>"; };
		583BA0BE192DF47400852B0D /* LmCmViewPreviewOverlay.m */ = {isa = PBXFileReference; fileEncoding = 4; lastKnownFileType = sourcecode.c.objc; path = LmCmViewPreviewOverlay.m; sourceTree = "<group>"; };
		583BA0C1192E050100852B0D /* LmObjectPixelData.h */ = {isa = PBXFileReference; fileEncoding = 4; lastKnownFileType = sourcecode.c.h; path = LmObjectPixelData.h; sourceTree = "<group>"; };
		583BA0C2192E050100852B0D /* LmObjectPixelData.m */ = {isa = PBXFileReference; fileEncoding = 4; lastKnownFileType = sourcecode.c.objc; path = LmObjectPixelData.m; sourceTree = "<group>"; };
		588CC33B192DDA460030AA82 /* LmCmSharedCamera.h */ = {isa = PBXFileReference; fileEncoding = 4; lastKnownFileType = sourcecode.c.h; path = LmCmSharedCamera.h; sourceTree = "<group>"; };
		588CC33C192DDA460030AA82 /* LmCmSharedCamera.m */ = {isa = PBXFileReference; fileEncoding = 4; lastKnownFileType = sourcecode.c.objc; path = LmCmSharedCamera.m; sourceTree = "<group>"; };
		588CC340192DDF430030AA82 /* LmCurrentSettings.h */ = {isa = PBXFileReference; fileEncoding = 4; lastKnownFileType = sourcecode.c.h; path = LmCurrentSettings.h; sourceTree = "<group>"; };
		588CC341192DDF430030AA82 /* LmCurrentSettings.m */ = {isa = PBXFileReference; fileEncoding = 4; lastKnownFileType = sourcecode.c.objc; path = LmCurrentSettings.m; sourceTree = "<group>"; };
		588CC345192DE04F0030AA82 /* LmCmButtonShutter.h */ = {isa = PBXFileReference; fileEncoding = 4; lastKnownFileType = sourcecode.c.h; path = LmCmButtonShutter.h; sourceTree = "<group>"; };
		588CC346192DE04F0030AA82 /* LmCmButtonShutter.m */ = {isa = PBXFileReference; fileEncoding = 4; lastKnownFileType = sourcecode.c.objc; path = LmCmButtonShutter.m; sourceTree = "<group>"; };
		588CC348192DE4EE0030AA82 /* LmCmViewBottomBar.h */ = {isa = PBXFileReference; fileEncoding = 4; lastKnownFileType = sourcecode.c.h; path = LmCmViewBottomBar.h; sourceTree = "<group>"; };
		588CC349192DE4EE0030AA82 /* LmCmViewBottomBar.m */ = {isa = PBXFileReference; fileEncoding = 4; lastKnownFileType = sourcecode.c.objc; path = LmCmViewBottomBar.m; sourceTree = "<group>"; };
		588CC34B192DE4FE0030AA82 /* LmCmViewTopBar.h */ = {isa = PBXFileReference; fileEncoding = 4; lastKnownFileType = sourcecode.c.h; path = LmCmViewTopBar.h; sourceTree = "<group>"; };
		588CC34C192DE4FE0030AA82 /* LmCmViewTopBar.m */ = {isa = PBXFileReference; fileEncoding = 4; lastKnownFileType = sourcecode.c.objc; path = LmCmViewTopBar.m; sourceTree = "<group>"; };
		5890ACDE192CD9CD00B6BD97 /* Lumina.app */ = {isa = PBXFileReference; explicitFileType = wrapper.application; includeInIndex = 0; path = Lumina.app; sourceTree = BUILT_PRODUCTS_DIR; };
		5890ACE1192CD9CD00B6BD97 /* Foundation.framework */ = {isa = PBXFileReference; lastKnownFileType = wrapper.framework; name = Foundation.framework; path = System/Library/Frameworks/Foundation.framework; sourceTree = SDKROOT; };
		5890ACE3192CD9CD00B6BD97 /* CoreGraphics.framework */ = {isa = PBXFileReference; lastKnownFileType = wrapper.framework; name = CoreGraphics.framework; path = System/Library/Frameworks/CoreGraphics.framework; sourceTree = SDKROOT; };
		5890ACE5192CD9CD00B6BD97 /* UIKit.framework */ = {isa = PBXFileReference; lastKnownFileType = wrapper.framework; name = UIKit.framework; path = System/Library/Frameworks/UIKit.framework; sourceTree = SDKROOT; };
		5890ACE9192CD9CE00B6BD97 /* Lumina-Info.plist */ = {isa = PBXFileReference; lastKnownFileType = text.plist.xml; path = "Lumina-Info.plist"; sourceTree = "<group>"; };
		5890ACEB192CD9CE00B6BD97 /* en */ = {isa = PBXFileReference; lastKnownFileType = text.plist.strings; name = en; path = en.lproj/InfoPlist.strings; sourceTree = "<group>"; };
		5890ACED192CD9CE00B6BD97 /* main.m */ = {isa = PBXFileReference; lastKnownFileType = sourcecode.c.objc; path = main.m; sourceTree = "<group>"; };
		5890ACEF192CD9CE00B6BD97 /* Lumina-Prefix.pch */ = {isa = PBXFileReference; lastKnownFileType = sourcecode.c.h; path = "Lumina-Prefix.pch"; sourceTree = "<group>"; };
		5890ACF0192CD9CE00B6BD97 /* AppDelegate.h */ = {isa = PBXFileReference; lastKnownFileType = sourcecode.c.h; path = AppDelegate.h; sourceTree = "<group>"; };
		5890ACF1192CD9CE00B6BD97 /* AppDelegate.m */ = {isa = PBXFileReference; lastKnownFileType = sourcecode.c.objc; path = AppDelegate.m; sourceTree = "<group>"; };
		5890ACF4192CD9CE00B6BD97 /* Base */ = {isa = PBXFileReference; lastKnownFileType = file.storyboard; name = Base; path = Base.lproj/Main_iPhone.storyboard; sourceTree = "<group>"; };
		5890ACF9192CD9CE00B6BD97 /* LmCmViewController.h */ = {isa = PBXFileReference; lastKnownFileType = sourcecode.c.h; path = LmCmViewController.h; sourceTree = "<group>"; };
		5890ACFA192CD9CE00B6BD97 /* LmCmViewController.m */ = {isa = PBXFileReference; lastKnownFileType = sourcecode.c.objc; path = LmCmViewController.m; sourceTree = "<group>"; };
		5890ACFC192CD9CE00B6BD97 /* Images.xcassets */ = {isa = PBXFileReference; lastKnownFileType = folder.assetcatalog; path = Images.xcassets; sourceTree = "<group>"; };
		5890AD02192CD9CE00B6BD97 /* LuminaTests.xctest */ = {isa = PBXFileReference; explicitFileType = wrapper.cfbundle; includeInIndex = 0; path = LuminaTests.xctest; sourceTree = BUILT_PRODUCTS_DIR; };
		5890AD03192CD9CE00B6BD97 /* XCTest.framework */ = {isa = PBXFileReference; lastKnownFileType = wrapper.framework; name = XCTest.framework; path = Library/Frameworks/XCTest.framework; sourceTree = DEVELOPER_DIR; };
		5890AD0B192CD9CE00B6BD97 /* LuminaTests-Info.plist */ = {isa = PBXFileReference; lastKnownFileType = text.plist.xml; path = "LuminaTests-Info.plist"; sourceTree = "<group>"; };
		5890AD0D192CD9CE00B6BD97 /* en */ = {isa = PBXFileReference; lastKnownFileType = text.plist.strings; name = en; path = en.lproj/InfoPlist.strings; sourceTree = "<group>"; };
		5890AD0F192CD9CE00B6BD97 /* LuminaTests.m */ = {isa = PBXFileReference; lastKnownFileType = sourcecode.c.objc; path = LuminaTests.m; sourceTree = "<group>"; };
		5890AD1A192CDA4100B6BD97 /* LmViewControllerRoot.h */ = {isa = PBXFileReference; fileEncoding = 4; lastKnownFileType = sourcecode.c.h; path = LmViewControllerRoot.h; sourceTree = "<group>"; };
		5890AD1B192CDA4100B6BD97 /* LmViewControllerRoot.m */ = {isa = PBXFileReference; fileEncoding = 4; lastKnownFileType = sourcecode.c.objc; path = LmViewControllerRoot.m; sourceTree = "<group>"; };
		5890AD1D192CDA9000B6BD97 /* LmViewControllerExport.h */ = {isa = PBXFileReference; fileEncoding = 4; lastKnownFileType = sourcecode.c.h; path = LmViewControllerExport.h; sourceTree = "<group>"; };
		5890AD1E192CDA9000B6BD97 /* LmViewControllerExport.m */ = {isa = PBXFileReference; fileEncoding = 4; lastKnownFileType = sourcecode.c.objc; path = LmViewControllerExport.m; sourceTree = "<group>"; };
		5890AD21192CDC3E00B6BD97 /* LmCmCameraManager.h */ = {isa = PBXFileReference; fileEncoding = 4; lastKnownFileType = sourcecode.c.h; path = LmCmCameraManager.h; sourceTree = "<group>"; };
		5890AD22192CDC3E00B6BD97 /* LmCmCameraManager.m */ = {isa = PBXFileReference; fileEncoding = 4; lastKnownFileType = sourcecode.c.objc; path = LmCmCameraManager.m; sourceTree = "<group>"; };
		5890AD26192CDD0F00B6BD97 /* UIDevice+extend.h */ = {isa = PBXFileReference; fileEncoding = 4; lastKnownFileType = sourcecode.c.h; path = "UIDevice+extend.h"; sourceTree = "<group>"; };
		5890AD27192CDD0F00B6BD97 /* UIDevice+extend.m */ = {isa = PBXFileReference; fileEncoding = 4; lastKnownFileType = sourcecode.c.objc; path = "UIDevice+extend.m"; sourceTree = "<group>"; };
		5890AD28192CDD0F00B6BD97 /* UIScreen+extend.h */ = {isa = PBXFileReference; fileEncoding = 4; lastKnownFileType = sourcecode.c.h; path = "UIScreen+extend.h"; sourceTree = "<group>"; };
		5890AD29192CDD0F00B6BD97 /* UIScreen+extend.m */ = {isa = PBXFileReference; fileEncoding = 4; lastKnownFileType = sourcecode.c.objc; path = "UIScreen+extend.m"; sourceTree = "<group>"; };
		5890AD2A192CDD0F00B6BD97 /* UIView+extend.h */ = {isa = PBXFileReference; fileEncoding = 4; lastKnownFileType = sourcecode.c.h; path = "UIView+extend.h"; sourceTree = "<group>"; };
		5890AD2B192CDD0F00B6BD97 /* UIView+extend.m */ = {isa = PBXFileReference; fileEncoding = 4; lastKnownFileType = sourcecode.c.objc; path = "UIView+extend.m"; sourceTree = "<group>"; };
		5890AD2C192CDD0F00B6BD97 /* UIScrollView+extend.h */ = {isa = PBXFileReference; fileEncoding = 4; lastKnownFileType = sourcecode.c.h; path = "UIScrollView+extend.h"; sourceTree = "<group>"; };
		5890AD2D192CDD0F00B6BD97 /* UIScrollView+extend.m */ = {isa = PBXFileReference; fileEncoding = 4; lastKnownFileType = sourcecode.c.objc; path = "UIScrollView+extend.m"; sourceTree = "<group>"; };
		5890AD2E192CDD0F00B6BD97 /* UIImage+extend.h */ = {isa = PBXFileReference; fileEncoding = 4; lastKnownFileType = sourcecode.c.h; path = "UIImage+extend.h"; sourceTree = "<group>"; };
		5890AD2F192CDD0F00B6BD97 /* UIImage+extend.m */ = {isa = PBXFileReference; fileEncoding = 4; lastKnownFileType = sourcecode.c.objc; path = "UIImage+extend.m"; sourceTree = "<group>"; };
		5890AD30192CDD0F00B6BD97 /* UIViewController+extend.h */ = {isa = PBXFileReference; fileEncoding = 4; lastKnownFileType = sourcecode.c.h; path = "UIViewController+extend.h"; sourceTree = "<group>"; };
		5890AD31192CDD0F00B6BD97 /* UIViewController+extend.m */ = {isa = PBXFileReference; fileEncoding = 4; lastKnownFileType = sourcecode.c.objc; path = "UIViewController+extend.m"; sourceTree = "<group>"; };
		5890AD32192CDD0F00B6BD97 /* UIImagePickerController+extend.h */ = {isa = PBXFileReference; fileEncoding = 4; lastKnownFileType = sourcecode.c.h; path = "UIImagePickerController+extend.h"; sourceTree = "<group>"; };
		5890AD33192CDD0F00B6BD97 /* UIImagePickerController+extend.m */ = {isa = PBXFileReference; fileEncoding = 4; lastKnownFileType = sourcecode.c.objc; path = "UIImagePickerController+extend.m"; sourceTree = "<group>"; };
		58F455F419303CBF008E55AB /* LmCmViewSlider.h */ = {isa = PBXFileReference; fileEncoding = 4; lastKnownFileType = sourcecode.c.h; path = LmCmViewSlider.h; sourceTree = "<group>"; };
		58F455F519303CBF008E55AB /* LmCmViewSlider.m */ = {isa = PBXFileReference; fileEncoding = 4; lastKnownFileType = sourcecode.c.objc; path = LmCmViewSlider.m; sourceTree = "<group>"; };
		58F455F619303CBF008E55AB /* UISliderThumbView.h */ = {isa = PBXFileReference; fileEncoding = 4; lastKnownFileType = sourcecode.c.h; path = UISliderThumbView.h; sourceTree = "<group>"; };
		58F455F719303CBF008E55AB /* UISliderThumbView.m */ = {isa = PBXFileReference; fileEncoding = 4; lastKnownFileType = sourcecode.c.objc; path = UISliderThumbView.m; sourceTree = "<group>"; };
		58F455F819303CBF008E55AB /* LmCmViewZoomSlider.h */ = {isa = PBXFileReference; fileEncoding = 4; lastKnownFileType = sourcecode.c.h; path = LmCmViewZoomSlider.h; sourceTree = "<group>"; };
		58F455F919303CBF008E55AB /* LmCmViewZoomSlider.m */ = {isa = PBXFileReference; fileEncoding = 4; lastKnownFileType = sourcecode.c.objc; path = LmCmViewZoomSlider.m; sourceTree = "<group>"; };
		58F638161930E6EF004F506F /* LmCmViewSettingsList.h */ = {isa = PBXFileReference; fileEncoding = 4; lastKnownFileType = sourcecode.c.h; path = LmCmViewSettingsList.h; sourceTree = "<group>"; };
		58F638171930E6EF004F506F /* LmCmViewSettingsList.m */ = {isa = PBXFileReference; fileEncoding = 4; lastKnownFileType = sourcecode.c.objc; path = LmCmViewSettingsList.m; sourceTree = "<group>"; };
		58F6381D1930E8C6004F506F /* LmCmButtonSettingsItem.h */ = {isa = PBXFileReference; fileEncoding = 4; lastKnownFileType = sourcecode.c.h; path = LmCmButtonSettingsItem.h; sourceTree = "<group>"; };
		58F6381E1930E8C6004F506F /* LmCmButtonSettingsItem.m */ = {isa = PBXFileReference; fileEncoding = 4; lastKnownFileType = sourcecode.c.objc; path = LmCmButtonSettingsItem.m; sourceTree = "<group>"; };
		58F638211930E9F5004F506F /* VnViewLabel.h */ = {isa = PBXFileReference; fileEncoding = 4; lastKnownFileType = sourcecode.c.h; path = VnViewLabel.h; sourceTree = "<group>"; };
		58F638221930E9F5004F506F /* VnViewLabel.m */ = {isa = PBXFileReference; fileEncoding = 4; lastKnownFileType = sourcecode.c.objc; path = VnViewLabel.m; sourceTree = "<group>"; };
		58F6FE45192F71D700EF7BFC /* LmCmViewManagerPreview.h */ = {isa = PBXFileReference; fileEncoding = 4; lastKnownFileType = sourcecode.c.h; path = LmCmViewManagerPreview.h; sourceTree = "<group>"; };
		58F6FE46192F71D700EF7BFC /* LmCmViewManagerPreview.m */ = {isa = PBXFileReference; fileEncoding = 4; lastKnownFileType = sourcecode.c.objc; path = LmCmViewManagerPreview.m; sourceTree = "<group>"; };
		58F6FE4B192F76E300EF7BFC /* LmLivePreview.h */ = {isa = PBXFileReference; fileEncoding = 4; lastKnownFileType = sourcecode.c.h; path = LmLivePreview.h; sourceTree = "<group>"; };
		58F6FE4C192F76E300EF7BFC /* LmLivePreview.m */ = {isa = PBXFileReference; fileEncoding = 4; lastKnownFileType = sourcecode.c.objc; path = LmLivePreview.m; sourceTree = "<group>"; };
		58F6FE4E192F801000EF7BFC /* LmGLView.h */ = {isa = PBXFileReference; fileEncoding = 4; lastKnownFileType = sourcecode.c.h; path = LmGLView.h; sourceTree = "<group>"; };
		58F6FE4F192F801000EF7BFC /* LmGLView.m */ = {isa = PBXFileReference; fileEncoding = 4; lastKnownFileType = sourcecode.c.objc; path = LmGLView.m; sourceTree = "<group>"; };
		58F6FE52192F81CF00EF7BFC /* BrightnessShader.fsh */ = {isa = PBXFileReference; fileEncoding = 4; lastKnownFileType = sourcecode.glsl; path = BrightnessShader.fsh; sourceTree = "<group>"; };
		58F6FE53192F81CF00EF7BFC /* BrightnessShader.vsh */ = {isa = PBXFileReference; fileEncoding = 4; lastKnownFileType = sourcecode.glsl; path = BrightnessShader.vsh; sourceTree = "<group>"; };
		58FA0F1D192F4DAF00260A65 /* LmCmViewManagerZoom.h */ = {isa = PBXFileReference; fileEncoding = 4; lastKnownFileType = sourcecode.c.h; path = LmCmViewManagerZoom.h; sourceTree = "<group>"; };
		58FA0F1E192F4DAF00260A65 /* LmCmViewManagerZoom.m */ = {isa = PBXFileReference; fileEncoding = 4; lastKnownFileType = sourcecode.c.objc; path = LmCmViewManagerZoom.m; sourceTree = "<group>"; };
		58FCDCCE19306486009D54B1 /* Aller_Bd.ttf */ = {isa = PBXFileReference; lastKnownFileType = file; path = Aller_Bd.ttf; sourceTree = "<group>"; };
		58FCDCCF19306486009D54B1 /* ClearSans-Bold.ttf */ = {isa = PBXFileReference; lastKnownFileType = file; path = "ClearSans-Bold.ttf"; sourceTree = "<group>"; };
		58FCDCD019306486009D54B1 /* mplus-1c-bold.ttf */ = {isa = PBXFileReference; lastKnownFileType = file; path = "mplus-1c-bold.ttf"; sourceTree = "<group>"; };
/* End PBXFileReference section */

/* Begin PBXFrameworksBuildPhase section */
		5890ACDB192CD9CD00B6BD97 /* Frameworks */ = {
			isa = PBXFrameworksBuildPhase;
			buildActionMask = 2147483647;
			files = (
				5810F9511931EB0500E30401 /* AudioToolbox.framework in Frameworks */,
				5810F94F1931EAFD00E30401 /* MediaPlayer.framework in Frameworks */,
				5806D76B192E390600B384F8 /* libGPUImage.a in Frameworks */,
				5806D76A192E390000B384F8 /* AssetsLibrary.framework in Frameworks */,
				5806D768192E38F600B384F8 /* QuartzCore.framework in Frameworks */,
				5806D766192E38ED00B384F8 /* AVFoundation.framework in Frameworks */,
				5806D764192E38E500B384F8 /* OpenGLES.framework in Frameworks */,
				5806D762192E38DE00B384F8 /* CoreVideo.framework in Frameworks */,
				5806D760192E38D700B384F8 /* CoreMedia.framework in Frameworks */,
				583BA0BC192DF1D700852B0D /* CoreMotion.framework in Frameworks */,
				5890ACE4192CD9CD00B6BD97 /* CoreGraphics.framework in Frameworks */,
				5890ACE6192CD9CD00B6BD97 /* UIKit.framework in Frameworks */,
				5890ACE2192CD9CD00B6BD97 /* Foundation.framework in Frameworks */,
			);
			runOnlyForDeploymentPostprocessing = 0;
		};
		5890ACFF192CD9CE00B6BD97 /* Frameworks */ = {
			isa = PBXFrameworksBuildPhase;
			buildActionMask = 2147483647;
			files = (
				5890AD04192CD9CE00B6BD97 /* XCTest.framework in Frameworks */,
				5890AD06192CD9CE00B6BD97 /* UIKit.framework in Frameworks */,
				5890AD05192CD9CE00B6BD97 /* Foundation.framework in Frameworks */,
			);
			runOnlyForDeploymentPostprocessing = 0;
		};
/* End PBXFrameworksBuildPhase section */

/* Begin PBXGroup section */
		5806D756192E384B00B384F8 /* Products */ = {
			isa = PBXGroup;
			children = (
				5806D75C192E384B00B384F8 /* libGPUImage.a */,
				5806D75E192E384B00B384F8 /* GPUImageTests.octest */,
			);
			name = Products;
			sourceTree = "<group>";
		};
		581708BE193233B000E430AD /* Crop */ = {
			isa = PBXGroup;
			children = (
				5818F46A1931C14200694AF0 /* LmCmViewCropList.h */,
				5818F46B1931C14200694AF0 /* LmCmViewCropList.m */,
				5818F4701931C39C00694AF0 /* LmCmButtonCropListItem.h */,
				5818F4711931C39C00694AF0 /* LmCmButtonCropListItem.m */,
			);
			name = Crop;
			sourceTree = "<group>";
		};
		581708C2193233B800E430AD /* Flash */ = {
			isa = PBXGroup;
			children = (
				581708C3193233CF00E430AD /* LmCmViewFlashModeList.h */,
				581708C4193233CF00E430AD /* LmCmViewFlashModeList.m */,
				581708C6193240F500E430AD /* LmCmButtonFlashModeItem.h */,
				581708C7193240F500E430AD /* LmCmButtonFlashModeItem.m */,
			);
			name = Flash;
			sourceTree = "<group>";
		};
		581708D41932603D00E430AD /* Object */ = {
			isa = PBXGroup;
			children = (
				581708D51932605C00E430AD /* LmCmImageAsset.h */,
				581708D61932605C00E430AD /* LmCmImageAsset.m */,
			);
			name = Object;
			sourceTree = "<group>";
		};
		583BA0BA192DF0EF00852B0D /* Libraries */ = {
			isa = PBXGroup;
			children = (
				58F638211930E9F5004F506F /* VnViewLabel.h */,
				58F638221930E9F5004F506F /* VnViewLabel.m */,
				583BA0B7192DF0E800852B0D /* MotionOrientation.h */,
				583BA0B8192DF0E800852B0D /* MotionOrientation.m */,
			);
			name = Libraries;
			sourceTree = "<group>";
		};
		583BA0C0192E04E600852B0D /* Objects */ = {
			isa = PBXGroup;
			children = (
				583BA0C1192E050100852B0D /* LmObjectPixelData.h */,
				583BA0C2192E050100852B0D /* LmObjectPixelData.m */,
			);
			name = Objects;
			sourceTree = "<group>";
		};
		588CC33E192DDA4C0030AA82 /* Shared */ = {
			isa = PBXGroup;
			children = (
				5806D752192E2B7600B384F8 /* LmCurrentImage.h */,
				5806D753192E2B7600B384F8 /* LmCurrentImage.m */,
				588CC340192DDF430030AA82 /* LmCurrentSettings.h */,
				588CC341192DDF430030AA82 /* LmCurrentSettings.m */,
				58F6FE4B192F76E300EF7BFC /* LmLivePreview.h */,
				58F6FE4C192F76E300EF7BFC /* LmLivePreview.m */,
			);
			name = Shared;
			sourceTree = "<group>";
		};
		588CC343192DE02C0030AA82 /* UIComponents */ = {
			isa = PBXGroup;
			children = (
				58F6FE4E192F801000EF7BFC /* LmGLView.h */,
				58F6FE4F192F801000EF7BFC /* LmGLView.m */,
			);
			name = UIComponents;
			sourceTree = "<group>";
		};
		588CC344192DE0390030AA82 /* Camera */ = {
			isa = PBXGroup;
			children = (
				588CC345192DE04F0030AA82 /* LmCmButtonShutter.h */,
				588CC346192DE04F0030AA82 /* LmCmButtonShutter.m */,
				588CC348192DE4EE0030AA82 /* LmCmViewBottomBar.h */,
				588CC349192DE4EE0030AA82 /* LmCmViewBottomBar.m */,
				588CC34B192DE4FE0030AA82 /* LmCmViewTopBar.h */,
				588CC34C192DE4FE0030AA82 /* LmCmViewTopBar.m */,
				583BA0BD192DF47400852B0D /* LmCmViewPreviewOverlay.h */,
				583BA0BE192DF47400852B0D /* LmCmViewPreviewOverlay.m */,
				580E03281930BAC6001C26B3 /* LmCmViewBarButton.h */,
				580E03291930BAC6001C26B3 /* LmCmViewBarButton.m */,
				5810F9471931D8AD00E30401 /* LmCmViewCropBlackRect.h */,
				5810F9481931D8AD00E30401 /* LmCmViewCropBlackRect.m */,
			);
			name = Camera;
			sourceTree = "<group>";
		};
		5890ACD5192CD9CD00B6BD97 = {
			isa = PBXGroup;
			children = (
				5890ACE7192CD9CE00B6BD97 /* Lumina */,
				5890AD09192CD9CE00B6BD97 /* LuminaTests */,
				5890ACE0192CD9CD00B6BD97 /* Frameworks */,
				5890ACDF192CD9CD00B6BD97 /* Products */,
			);
			sourceTree = "<group>";
		};
		5890ACDF192CD9CD00B6BD97 /* Products */ = {
			isa = PBXGroup;
			children = (
				5890ACDE192CD9CD00B6BD97 /* Lumina.app */,
				5890AD02192CD9CE00B6BD97 /* LuminaTests.xctest */,
			);
			name = Products;
			sourceTree = "<group>";
		};
		5890ACE0192CD9CD00B6BD97 /* Frameworks */ = {
			isa = PBXGroup;
			children = (
				5810F9501931EB0500E30401 /* AudioToolbox.framework */,
				5810F94E1931EAFC00E30401 /* MediaPlayer.framework */,
				5806D769192E390000B384F8 /* AssetsLibrary.framework */,
				5806D767192E38F600B384F8 /* QuartzCore.framework */,
				5806D765192E38ED00B384F8 /* AVFoundation.framework */,
				5806D763192E38E500B384F8 /* OpenGLES.framework */,
				5806D761192E38DE00B384F8 /* CoreVideo.framework */,
				5806D75F192E38D700B384F8 /* CoreMedia.framework */,
				5806D755192E384B00B384F8 /* GPUImage.xcodeproj */,
				583BA0BB192DF1D700852B0D /* CoreMotion.framework */,
				5890ACE1192CD9CD00B6BD97 /* Foundation.framework */,
				5890ACE3192CD9CD00B6BD97 /* CoreGraphics.framework */,
				5890ACE5192CD9CD00B6BD97 /* UIKit.framework */,
				5890AD03192CD9CE00B6BD97 /* XCTest.framework */,
			);
			name = Frameworks;
			sourceTree = "<group>";
		};
		5890ACE7192CD9CE00B6BD97 /* Lumina */ = {
			isa = PBXGroup;
			children = (
				583BA0BA192DF0EF00852B0D /* Libraries */,
				5890AD24192CDCE600B6BD97 /* Categories */,
				58F455EC193031DD008E55AB /* CameraModule */,
				588CC33E192DDA4C0030AA82 /* Shared */,
				583BA0C0192E04E600852B0D /* Objects */,
				5890ACF0192CD9CE00B6BD97 /* AppDelegate.h */,
				5890ACF1192CD9CE00B6BD97 /* AppDelegate.m */,
				5890ACF3192CD9CE00B6BD97 /* Main_iPhone.storyboard */,
				58F6FE51192F81B800EF7BFC /* Shader */,
				588CC343192DE02C0030AA82 /* UIComponents */,
				5890AD19192CD9EC00B6BD97 /* ViewControllers */,
				58FCDCCD19306472009D54B1 /* Fonts */,
				5890ACFC192CD9CE00B6BD97 /* Images.xcassets */,
				5890ACE8192CD9CE00B6BD97 /* Supporting Files */,
			);
			path = Lumina;
			sourceTree = "<group>";
		};
		5890ACE8192CD9CE00B6BD97 /* Supporting Files */ = {
			isa = PBXGroup;
			children = (
				5890ACE9192CD9CE00B6BD97 /* Lumina-Info.plist */,
				5890ACEA192CD9CE00B6BD97 /* InfoPlist.strings */,
				5890ACED192CD9CE00B6BD97 /* main.m */,
				5890ACEF192CD9CE00B6BD97 /* Lumina-Prefix.pch */,
				581708D219324FD300E430AD /* Localizable.strings */,
			);
			name = "Supporting Files";
			sourceTree = "<group>";
		};
		5890AD09192CD9CE00B6BD97 /* LuminaTests */ = {
			isa = PBXGroup;
			children = (
				5890AD0F192CD9CE00B6BD97 /* LuminaTests.m */,
				5890AD0A192CD9CE00B6BD97 /* Supporting Files */,
			);
			path = LuminaTests;
			sourceTree = "<group>";
		};
		5890AD0A192CD9CE00B6BD97 /* Supporting Files */ = {
			isa = PBXGroup;
			children = (
				5890AD0B192CD9CE00B6BD97 /* LuminaTests-Info.plist */,
				5890AD0C192CD9CE00B6BD97 /* InfoPlist.strings */,
			);
			name = "Supporting Files";
			sourceTree = "<group>";
		};
		5890AD19192CD9EC00B6BD97 /* ViewControllers */ = {
			isa = PBXGroup;
			children = (
				5890AD1A192CDA4100B6BD97 /* LmViewControllerRoot.h */,
				5890AD1B192CDA4100B6BD97 /* LmViewControllerRoot.m */,
				5890AD1D192CDA9000B6BD97 /* LmViewControllerExport.h */,
				5890AD1E192CDA9000B6BD97 /* LmViewControllerExport.m */,
			);
			name = ViewControllers;
			sourceTree = "<group>";
		};
		5890AD24192CDCE600B6BD97 /* Categories */ = {
			isa = PBXGroup;
			children = (
				5890AD26192CDD0F00B6BD97 /* UIDevice+extend.h */,
				5890AD27192CDD0F00B6BD97 /* UIDevice+extend.m */,
				5890AD28192CDD0F00B6BD97 /* UIScreen+extend.h */,
				5890AD29192CDD0F00B6BD97 /* UIScreen+extend.m */,
				5890AD2A192CDD0F00B6BD97 /* UIView+extend.h */,
				5890AD2B192CDD0F00B6BD97 /* UIView+extend.m */,
				5890AD2C192CDD0F00B6BD97 /* UIScrollView+extend.h */,
				5890AD2D192CDD0F00B6BD97 /* UIScrollView+extend.m */,
				5890AD2E192CDD0F00B6BD97 /* UIImage+extend.h */,
				5890AD2F192CDD0F00B6BD97 /* UIImage+extend.m */,
				5890AD30192CDD0F00B6BD97 /* UIViewController+extend.h */,
				5890AD31192CDD0F00B6BD97 /* UIViewController+extend.m */,
				5890AD32192CDD0F00B6BD97 /* UIImagePickerController+extend.h */,
				5890AD33192CDD0F00B6BD97 /* UIImagePickerController+extend.m */,
			);
			name = Categories;
			sourceTree = "<group>";
		};
		58F455EC193031DD008E55AB /* CameraModule */ = {
			isa = PBXGroup;
			children = (
				5890AD21192CDC3E00B6BD97 /* LmCmCameraManager.h */,
				5890AD22192CDC3E00B6BD97 /* LmCmCameraManager.m */,
				5890ACF9192CD9CE00B6BD97 /* LmCmViewController.h */,
				5890ACFA192CD9CE00B6BD97 /* LmCmViewController.m */,
				581708D41932603D00E430AD /* Object */,
				58F455F119303C77008E55AB /* UIComponents */,
				58FA0F19192F4D6C00260A65 /* ViewManager */,
				58F455F0193031E7008E55AB /* Shared */,
			);
			name = CameraModule;
			sourceTree = "<group>";
		};
		58F455F0193031E7008E55AB /* Shared */ = {
			isa = PBXGroup;
			children = (
				588CC33B192DDA460030AA82 /* LmCmSharedCamera.h */,
				588CC33C192DDA460030AA82 /* LmCmSharedCamera.m */,
			);
			name = Shared;
			sourceTree = "<group>";
		};
		58F455F119303C77008E55AB /* UIComponents */ = {
			isa = PBXGroup;
			children = (
				581708C2193233B800E430AD /* Flash */,
				581708BE193233B000E430AD /* Crop */,
				58F6381C1930E87A004F506F /* Settings */,
				588CC344192DE0390030AA82 /* Camera */,
				58F455F319303C9B008E55AB /* Slider */,
			);
			name = UIComponents;
			sourceTree = "<group>";
		};
		58F455F319303C9B008E55AB /* Slider */ = {
			isa = PBXGroup;
			children = (
				58F455F419303CBF008E55AB /* LmCmViewSlider.h */,
				58F455F519303CBF008E55AB /* LmCmViewSlider.m */,
				58F455F619303CBF008E55AB /* UISliderThumbView.h */,
				58F455F719303CBF008E55AB /* UISliderThumbView.m */,
				58F455F819303CBF008E55AB /* LmCmViewZoomSlider.h */,
				58F455F919303CBF008E55AB /* LmCmViewZoomSlider.m */,
			);
			name = Slider;
			sourceTree = "<group>";
		};
		58F6381C1930E87A004F506F /* Settings */ = {
			isa = PBXGroup;
			children = (
				58F638161930E6EF004F506F /* LmCmViewSettingsList.h */,
				58F638171930E6EF004F506F /* LmCmViewSettingsList.m */,
				58F6381D1930E8C6004F506F /* LmCmButtonSettingsItem.h */,
				58F6381E1930E8C6004F506F /* LmCmButtonSettingsItem.m */,
			);
			name = Settings;
			sourceTree = "<group>";
		};
		58F6FE51192F81B800EF7BFC /* Shader */ = {
			isa = PBXGroup;
			children = (
				58F6FE52192F81CF00EF7BFC /* BrightnessShader.fsh */,
				58F6FE53192F81CF00EF7BFC /* BrightnessShader.vsh */,
			);
			name = Shader;
			sourceTree = "<group>";
		};
		58FA0F19192F4D6C00260A65 /* ViewManager */ = {
			isa = PBXGroup;
			children = (
				58FA0F1D192F4DAF00260A65 /* LmCmViewManagerZoom.h */,
				58FA0F1E192F4DAF00260A65 /* LmCmViewManagerZoom.m */,
				58F6FE45192F71D700EF7BFC /* LmCmViewManagerPreview.h */,
				58F6FE46192F71D700EF7BFC /* LmCmViewManagerPreview.m */,
				580E032E1930C270001C26B3 /* LmCmViewManagerTools.h */,
				580E032F1930C270001C26B3 /* LmCmViewManagerTools.m */,
			);
			name = ViewManager;
			sourceTree = "<group>";
		};
		58FCDCCD19306472009D54B1 /* Fonts */ = {
			isa = PBXGroup;
			children = (
				58FCDCCE19306486009D54B1 /* Aller_Bd.ttf */,
				58FCDCCF19306486009D54B1 /* ClearSans-Bold.ttf */,
				58FCDCD019306486009D54B1 /* mplus-1c-bold.ttf */,
			);
			name = Fonts;
			sourceTree = "<group>";
		};
/* End PBXGroup section */

/* Begin PBXNativeTarget section */
		5890ACDD192CD9CD00B6BD97 /* Lumina */ = {
			isa = PBXNativeTarget;
			buildConfigurationList = 5890AD13192CD9CE00B6BD97 /* Build configuration list for PBXNativeTarget "Lumina" */;
			buildPhases = (
				5890ACDA192CD9CD00B6BD97 /* Sources */,
				5890ACDB192CD9CD00B6BD97 /* Frameworks */,
				5890ACDC192CD9CD00B6BD97 /* Resources */,
			);
			buildRules = (
			);
			dependencies = (
			);
			name = Lumina;
			productName = Lumina;
			productReference = 5890ACDE192CD9CD00B6BD97 /* Lumina.app */;
			productType = "com.apple.product-type.application";
		};
		5890AD01192CD9CE00B6BD97 /* LuminaTests */ = {
			isa = PBXNativeTarget;
			buildConfigurationList = 5890AD16192CD9CE00B6BD97 /* Build configuration list for PBXNativeTarget "LuminaTests" */;
			buildPhases = (
				5890ACFE192CD9CE00B6BD97 /* Sources */,
				5890ACFF192CD9CE00B6BD97 /* Frameworks */,
				5890AD00192CD9CE00B6BD97 /* Resources */,
			);
			buildRules = (
			);
			dependencies = (
				5890AD08192CD9CE00B6BD97 /* PBXTargetDependency */,
			);
			name = LuminaTests;
			productName = LuminaTests;
			productReference = 5890AD02192CD9CE00B6BD97 /* LuminaTests.xctest */;
			productType = "com.apple.product-type.bundle.unit-test";
		};
/* End PBXNativeTarget section */

/* Begin PBXProject section */
		5890ACD6192CD9CD00B6BD97 /* Project object */ = {
			isa = PBXProject;
			attributes = {
				LastUpgradeCheck = 0510;
				ORGANIZATIONNAME = SSC;
				TargetAttributes = {
					5890AD01192CD9CE00B6BD97 = {
						TestTargetID = 5890ACDD192CD9CD00B6BD97;
					};
				};
			};
			buildConfigurationList = 5890ACD9192CD9CD00B6BD97 /* Build configuration list for PBXProject "Lumina" */;
			compatibilityVersion = "Xcode 3.2";
			developmentRegion = English;
			hasScannedForEncodings = 0;
			knownRegions = (
				en,
				Base,
				ja,
			);
			mainGroup = 5890ACD5192CD9CD00B6BD97;
			productRefGroup = 5890ACDF192CD9CD00B6BD97 /* Products */;
			projectDirPath = "";
			projectReferences = (
				{
					ProductGroup = 5806D756192E384B00B384F8 /* Products */;
					ProjectRef = 5806D755192E384B00B384F8 /* GPUImage.xcodeproj */;
				},
			);
			projectRoot = "";
			targets = (
				5890ACDD192CD9CD00B6BD97 /* Lumina */,
				5890AD01192CD9CE00B6BD97 /* LuminaTests */,
			);
		};
/* End PBXProject section */

/* Begin PBXReferenceProxy section */
		5806D75C192E384B00B384F8 /* libGPUImage.a */ = {
			isa = PBXReferenceProxy;
			fileType = archive.ar;
			path = libGPUImage.a;
			remoteRef = 5806D75B192E384B00B384F8 /* PBXContainerItemProxy */;
			sourceTree = BUILT_PRODUCTS_DIR;
		};
		5806D75E192E384B00B384F8 /* GPUImageTests.octest */ = {
			isa = PBXReferenceProxy;
			fileType = wrapper.cfbundle;
			path = GPUImageTests.octest;
			remoteRef = 5806D75D192E384B00B384F8 /* PBXContainerItemProxy */;
			sourceTree = BUILT_PRODUCTS_DIR;
		};
/* End PBXReferenceProxy section */

/* Begin PBXResourcesBuildPhase section */
		5890ACDC192CD9CD00B6BD97 /* Resources */ = {
			isa = PBXResourcesBuildPhase;
			buildActionMask = 2147483647;
			files = (
				58FCDCD219306486009D54B1 /* ClearSans-Bold.ttf in Resources */,
				58F6FE55192F81CF00EF7BFC /* BrightnessShader.vsh in Resources */,
				58FCDCD119306486009D54B1 /* Aller_Bd.ttf in Resources */,
				5890ACFD192CD9CE00B6BD97 /* Images.xcassets in Resources */,
				581708D019324FD300E430AD /* Localizable.strings in Resources */,
				5890ACF5192CD9CE00B6BD97 /* Main_iPhone.storyboard in Resources */,
				58FCDCD319306486009D54B1 /* mplus-1c-bold.ttf in Resources */,
				58F6FE54192F81CF00EF7BFC /* BrightnessShader.fsh in Resources */,
				5890ACEC192CD9CE00B6BD97 /* InfoPlist.strings in Resources */,
			);
			runOnlyForDeploymentPostprocessing = 0;
		};
		5890AD00192CD9CE00B6BD97 /* Resources */ = {
			isa = PBXResourcesBuildPhase;
			buildActionMask = 2147483647;
			files = (
				5890AD0E192CD9CE00B6BD97 /* InfoPlist.strings in Resources */,
			);
			runOnlyForDeploymentPostprocessing = 0;
		};
/* End PBXResourcesBuildPhase section */

/* Begin PBXSourcesBuildPhase section */
		5890ACDA192CD9CD00B6BD97 /* Sources */ = {
			isa = PBXSourcesBuildPhase;
			buildActionMask = 2147483647;
			files = (
				58F6FE50192F801000EF7BFC /* LmGLView.m in Sources */,
				58F6FE4D192F76E300EF7BFC /* LmLivePreview.m in Sources */,
				58F638181930E6EF004F506F /* LmCmViewSettingsList.m in Sources */,
				580E03301930C270001C26B3 /* LmCmViewManagerTools.m in Sources */,
				588CC347192DE04F0030AA82 /* LmCmButtonShutter.m in Sources */,
				58F6FE47192F71D700EF7BFC /* LmCmViewManagerPreview.m in Sources */,
				58F455FC19303CBF008E55AB /* LmCmViewZoomSlider.m in Sources */,
				5806D754192E2B7600B384F8 /* LmCurrentImage.m in Sources */,
				5890ACFB192CD9CE00B6BD97 /* LmCmViewController.m in Sources */,
				5890AD34192CDD0F00B6BD97 /* UIDevice+extend.m in Sources */,
				581708C8193240F500E430AD /* LmCmButtonFlashModeItem.m in Sources */,
				5890AD1C192CDA4100B6BD97 /* LmViewControllerRoot.m in Sources */,
				580E032A1930BAC6001C26B3 /* LmCmViewBarButton.m in Sources */,
				58F6381F1930E8C6004F506F /* LmCmButtonSettingsItem.m in Sources */,
				588CC34D192DE4FE0030AA82 /* LmCmViewTopBar.m in Sources */,
				5890AD37192CDD0F00B6BD97 /* UIScrollView+extend.m in Sources */,
				5890AD39192CDD0F00B6BD97 /* UIViewController+extend.m in Sources */,
				58F455FA19303CBF008E55AB /* LmCmViewSlider.m in Sources */,
				583BA0C3192E050100852B0D /* LmObjectPixelData.m in Sources */,
				583BA0BF192DF47400852B0D /* LmCmViewPreviewOverlay.m in Sources */,
				581708C5193233CF00E430AD /* LmCmViewFlashModeList.m in Sources */,
				5818F46C1931C14200694AF0 /* LmCmViewCropList.m in Sources */,
				5890ACF2192CD9CE00B6BD97 /* AppDelegate.m in Sources */,
				583BA0B9192DF0E800852B0D /* MotionOrientation.m in Sources */,
				5890AD1F192CDA9000B6BD97 /* LmViewControllerExport.m in Sources */,
				5810F9491931D8AD00E30401 /* LmCmViewCropBlackRect.m in Sources */,
				588CC33D192DDA460030AA82 /* LmCmSharedCamera.m in Sources */,
				5890AD36192CDD0F00B6BD97 /* UIView+extend.m in Sources */,
				5890AD35192CDD0F00B6BD97 /* UIScreen+extend.m in Sources */,
				5890AD38192CDD0F00B6BD97 /* UIImage+extend.m in Sources */,
				58FA0F1F192F4DAF00260A65 /* LmCmViewManagerZoom.m in Sources */,
				581708D71932605C00E430AD /* LmCmImageAsset.m in Sources */,
				588CC34A192DE4EE0030AA82 /* LmCmViewBottomBar.m in Sources */,
				5890AD23192CDC3E00B6BD97 /* LmCmCameraManager.m in Sources */,
				588CC342192DDF430030AA82 /* LmCurrentSettings.m in Sources */,
				5818F4721931C39C00694AF0 /* LmCmButtonCropListItem.m in Sources */,
				5890ACEE192CD9CE00B6BD97 /* main.m in Sources */,
				58F638231930E9F5004F506F /* VnViewLabel.m in Sources */,
				5890AD3A192CDD0F00B6BD97 /* UIImagePickerController+extend.m in Sources */,
				58F455FE19303D9B008E55AB /* UISliderThumbView.m in Sources */,
			);
			runOnlyForDeploymentPostprocessing = 0;
		};
		5890ACFE192CD9CE00B6BD97 /* Sources */ = {
			isa = PBXSourcesBuildPhase;
			buildActionMask = 2147483647;
			files = (
				5890AD10192CD9CE00B6BD97 /* LuminaTests.m in Sources */,
			);
			runOnlyForDeploymentPostprocessing = 0;
		};
/* End PBXSourcesBuildPhase section */

/* Begin PBXTargetDependency section */
		5890AD08192CD9CE00B6BD97 /* PBXTargetDependency */ = {
			isa = PBXTargetDependency;
			target = 5890ACDD192CD9CD00B6BD97 /* Lumina */;
			targetProxy = 5890AD07192CD9CE00B6BD97 /* PBXContainerItemProxy */;
		};
/* End PBXTargetDependency section */

/* Begin PBXVariantGroup section */
		581708D219324FD300E430AD /* Localizable.strings */ = {
			isa = PBXVariantGroup;
			children = (
				581708D119324FD300E430AD /* en */,
				581708D319324FD900E430AD /* ja */,
			);
			name = Localizable.strings;
			sourceTree = "<group>";
		};
		5890ACEA192CD9CE00B6BD97 /* InfoPlist.strings */ = {
			isa = PBXVariantGroup;
			children = (
				5890ACEB192CD9CE00B6BD97 /* en */,
				581708CD19324F3800E430AD /* ja */,
			);
			name = InfoPlist.strings;
			sourceTree = "<group>";
		};
		5890ACF3192CD9CE00B6BD97 /* Main_iPhone.storyboard */ = {
			isa = PBXVariantGroup;
			children = (
				5890ACF4192CD9CE00B6BD97 /* Base */,
				581708CC19324F3800E430AD /* ja */,
			);
			name = Main_iPhone.storyboard;
			sourceTree = "<group>";
		};
		5890AD0C192CD9CE00B6BD97 /* InfoPlist.strings */ = {
			isa = PBXVariantGroup;
			children = (
				5890AD0D192CD9CE00B6BD97 /* en */,
				581708CE19324F3900E430AD /* ja */,
			);
			name = InfoPlist.strings;
			sourceTree = "<group>";
		};
/* End PBXVariantGroup section */

/* Begin XCBuildConfiguration section */
		5890AD11192CD9CE00B6BD97 /* Debug */ = {
			isa = XCBuildConfiguration;
			buildSettings = {
				ALWAYS_SEARCH_USER_PATHS = NO;
				CLANG_CXX_LANGUAGE_STANDARD = "gnu++0x";
				CLANG_CXX_LIBRARY = "libc++";
				CLANG_ENABLE_MODULES = YES;
				CLANG_ENABLE_OBJC_ARC = YES;
				CLANG_WARN_BOOL_CONVERSION = YES;
				CLANG_WARN_CONSTANT_CONVERSION = YES;
				CLANG_WARN_DIRECT_OBJC_ISA_USAGE = YES_ERROR;
				CLANG_WARN_EMPTY_BODY = YES;
				CLANG_WARN_ENUM_CONVERSION = YES;
				CLANG_WARN_INT_CONVERSION = YES;
				CLANG_WARN_OBJC_ROOT_CLASS = YES_ERROR;
				CLANG_WARN__DUPLICATE_METHOD_MATCH = YES;
				"CODE_SIGN_IDENTITY[sdk=iphoneos*]" = "iPhone Developer";
				COPY_PHASE_STRIP = NO;
				GCC_C_LANGUAGE_STANDARD = gnu99;
				GCC_DYNAMIC_NO_PIC = NO;
				GCC_OPTIMIZATION_LEVEL = 0;
				GCC_PREPROCESSOR_DEFINITIONS = (
					"DEBUG=1",
					"$(inherited)",
				);
				GCC_SYMBOLS_PRIVATE_EXTERN = NO;
				GCC_WARN_64_TO_32_BIT_CONVERSION = YES;
				GCC_WARN_ABOUT_RETURN_TYPE = YES_ERROR;
				GCC_WARN_UNDECLARED_SELECTOR = YES;
				GCC_WARN_UNINITIALIZED_AUTOS = YES_AGGRESSIVE;
				GCC_WARN_UNUSED_FUNCTION = YES;
				GCC_WARN_UNUSED_VARIABLE = YES;
				IPHONEOS_DEPLOYMENT_TARGET = 7.1;
				ONLY_ACTIVE_ARCH = YES;
				SDKROOT = iphoneos;
				TARGETED_DEVICE_FAMILY = "1,2";
			};
			name = Debug;
		};
		5890AD12192CD9CE00B6BD97 /* Release */ = {
			isa = XCBuildConfiguration;
			buildSettings = {
				ALWAYS_SEARCH_USER_PATHS = NO;
				CLANG_CXX_LANGUAGE_STANDARD = "gnu++0x";
				CLANG_CXX_LIBRARY = "libc++";
				CLANG_ENABLE_MODULES = YES;
				CLANG_ENABLE_OBJC_ARC = YES;
				CLANG_WARN_BOOL_CONVERSION = YES;
				CLANG_WARN_CONSTANT_CONVERSION = YES;
				CLANG_WARN_DIRECT_OBJC_ISA_USAGE = YES_ERROR;
				CLANG_WARN_EMPTY_BODY = YES;
				CLANG_WARN_ENUM_CONVERSION = YES;
				CLANG_WARN_INT_CONVERSION = YES;
				CLANG_WARN_OBJC_ROOT_CLASS = YES_ERROR;
				CLANG_WARN__DUPLICATE_METHOD_MATCH = YES;
				"CODE_SIGN_IDENTITY[sdk=iphoneos*]" = "iPhone Developer";
				COPY_PHASE_STRIP = YES;
				ENABLE_NS_ASSERTIONS = NO;
				GCC_C_LANGUAGE_STANDARD = gnu99;
				GCC_WARN_64_TO_32_BIT_CONVERSION = YES;
				GCC_WARN_ABOUT_RETURN_TYPE = YES_ERROR;
				GCC_WARN_UNDECLARED_SELECTOR = YES;
				GCC_WARN_UNINITIALIZED_AUTOS = YES_AGGRESSIVE;
				GCC_WARN_UNUSED_FUNCTION = YES;
				GCC_WARN_UNUSED_VARIABLE = YES;
				IPHONEOS_DEPLOYMENT_TARGET = 7.1;
				SDKROOT = iphoneos;
				TARGETED_DEVICE_FAMILY = "1,2";
				VALIDATE_PRODUCT = YES;
			};
			name = Release;
		};
		5890AD14192CD9CE00B6BD97 /* Debug */ = {
			isa = XCBuildConfiguration;
			buildSettings = {
				ASSETCATALOG_COMPILER_APPICON_NAME = AppIcon;
				ASSETCATALOG_COMPILER_LAUNCHIMAGE_NAME = LaunchImage;
				CODE_SIGN_IDENTITY = "iPhone Developer: Toshiki Nakanishi (WRHUFP3254)";
				GCC_PRECOMPILE_PREFIX_HEADER = YES;
				GCC_PREFIX_HEADER = "Lumina/Lumina-Prefix.pch";
				INFOPLIST_FILE = "Lumina/Lumina-Info.plist";
				IPHONEOS_DEPLOYMENT_TARGET = 6.1;
				OTHER_LDFLAGS = "-ObjC";
				PRODUCT_NAME = "$(TARGET_NAME)";
				PROVISIONING_PROFILE = "F0C00530-9322-4DA4-AEFF-EA611EB87BB6";
				TARGETED_DEVICE_FAMILY = 1;
				USER_HEADER_SEARCH_PATHS = "GPUImage/framework/**";
				WRAPPER_EXTENSION = app;
			};
			name = Debug;
		};
		5890AD15192CD9CE00B6BD97 /* Release */ = {
			isa = XCBuildConfiguration;
			buildSettings = {
				ASSETCATALOG_COMPILER_APPICON_NAME = AppIcon;
				ASSETCATALOG_COMPILER_LAUNCHIMAGE_NAME = LaunchImage;
				CODE_SIGN_IDENTITY = "iPhone Distribution: Toshiki Nakanishi (7FY9ETDU35)";
				GCC_PRECOMPILE_PREFIX_HEADER = YES;
				GCC_PREFIX_HEADER = "Lumina/Lumina-Prefix.pch";
				INFOPLIST_FILE = "Lumina/Lumina-Info.plist";
				IPHONEOS_DEPLOYMENT_TARGET = 6.1;
				OTHER_LDFLAGS = "-ObjC";
				PRODUCT_NAME = "$(TARGET_NAME)";
				PROVISIONING_PROFILE = "6F757C89-7E69-4CCF-B45A-821A61AC6F70";
				TARGETED_DEVICE_FAMILY = 1;
				USER_HEADER_SEARCH_PATHS = "GPUImage/framework/**";
				WRAPPER_EXTENSION = app;
			};
			name = Release;
		};
		5890AD17192CD9CE00B6BD97 /* Debug */ = {
			isa = XCBuildConfiguration;
			buildSettings = {
				BUNDLE_LOADER = "$(BUILT_PRODUCTS_DIR)/Lumina.app/Lumina";
				FRAMEWORK_SEARCH_PATHS = (
					"$(SDKROOT)/Developer/Library/Frameworks",
					"$(inherited)",
					"$(DEVELOPER_FRAMEWORKS_DIR)",
				);
				GCC_PRECOMPILE_PREFIX_HEADER = YES;
				GCC_PREFIX_HEADER = "Lumina/Lumina-Prefix.pch";
				GCC_PREPROCESSOR_DEFINITIONS = (
					"DEBUG=1",
					"$(inherited)",
				);
				INFOPLIST_FILE = "LuminaTests/LuminaTests-Info.plist";
				PRODUCT_NAME = "$(TARGET_NAME)";
				TEST_HOST = "$(BUNDLE_LOADER)";
				WRAPPER_EXTENSION = xctest;
			};
			name = Debug;
		};
		5890AD18192CD9CE00B6BD97 /* Release */ = {
			isa = XCBuildConfiguration;
			buildSettings = {
				BUNDLE_LOADER = "$(BUILT_PRODUCTS_DIR)/Lumina.app/Lumina";
				FRAMEWORK_SEARCH_PATHS = (
					"$(SDKROOT)/Developer/Library/Frameworks",
					"$(inherited)",
					"$(DEVELOPER_FRAMEWORKS_DIR)",
				);
				GCC_PRECOMPILE_PREFIX_HEADER = YES;
				GCC_PREFIX_HEADER = "Lumina/Lumina-Prefix.pch";
				INFOPLIST_FILE = "LuminaTests/LuminaTests-Info.plist";
				PRODUCT_NAME = "$(TARGET_NAME)";
				TEST_HOST = "$(BUNDLE_LOADER)";
				WRAPPER_EXTENSION = xctest;
			};
			name = Release;
		};
/* End XCBuildConfiguration section */

/* Begin XCConfigurationList section */
		5890ACD9192CD9CD00B6BD97 /* Build configuration list for PBXProject "Lumina" */ = {
			isa = XCConfigurationList;
			buildConfigurations = (
				5890AD11192CD9CE00B6BD97 /* Debug */,
				5890AD12192CD9CE00B6BD97 /* Release */,
			);
			defaultConfigurationIsVisible = 0;
			defaultConfigurationName = Release;
		};
		5890AD13192CD9CE00B6BD97 /* Build configuration list for PBXNativeTarget "Lumina" */ = {
			isa = XCConfigurationList;
			buildConfigurations = (
				5890AD14192CD9CE00B6BD97 /* Debug */,
				5890AD15192CD9CE00B6BD97 /* Release */,
			);
			defaultConfigurationIsVisible = 0;
			defaultConfigurationName = Release;
		};
		5890AD16192CD9CE00B6BD97 /* Build configuration list for PBXNativeTarget "LuminaTests" */ = {
			isa = XCConfigurationList;
			buildConfigurations = (
				5890AD17192CD9CE00B6BD97 /* Debug */,
				5890AD18192CD9CE00B6BD97 /* Release */,
			);
			defaultConfigurationIsVisible = 0;
			defaultConfigurationName = Release;
		};
/* End XCConfigurationList section */
	};
	rootObject = 5890ACD6192CD9CD00B6BD97 /* Project object */;
}
